# requirements.lock — pinned sketch for PR-PyEnv + PR-VoiceSpike (SPIKE).
# These pins are placeholders for integrity hashing + SPDX inventory.
# Do NOT download multi-GB wheels in CI. Real pins land when training ships.
#
# Format: pip-style name==version  # SPDX: <license>
# Generate with: pip freeze after a clean Apple Silicon install of requirements.txt
#
# Expected download size budget: 3–8 GB (CPython venv + wheels + caches).
#   LLM-only ~3–5 GB; LLM + voice (PyTorch MPS + F5-TTS) ~5–8 GB.
# See Docs/adr/0001-llm-runtime.md and Docs/adr/0002-voice-engine.md.
#
# XTTS-v2 / coqui-ai-TTS is intentionally NOT pinned (AGPL; non-default).

# --- LLM stack (ADR 0001) ---
mlx==0.22.1  # SPDX: MIT
mlx-lm==0.21.5  # SPDX: MIT
mlx-metal==0.22.1  # SPDX: MIT
numpy==2.1.3  # SPDX: BSD-3-Clause
huggingface-hub==0.26.5  # SPDX: Apache-2.0
safetensors==0.4.5  # SPDX: Apache-2.0
sentencepiece==0.2.0  # SPDX: Apache-2.0
protobuf==5.28.3  # SPDX: BSD-3-Clause
filelock==3.16.1  # SPDX: Unlicense
fsspec==2024.10.0  # SPDX: BSD-3-Clause
packaging==24.2  # SPDX: Apache-2.0 OR BSD-2-Clause
pyyaml==6.0.2  # SPDX: MIT
requests==2.32.3  # SPDX: Apache-2.0
tqdm==4.67.1  # SPDX: MPL-2.0 AND MIT
typing-extensions==4.12.2  # SPDX: PSF-2.0
certifi==2024.8.30  # SPDX: MPL-2.0
charset-normalizer==3.4.0  # SPDX: MIT
idna==3.10  # SPDX: BSD-3-Clause
urllib3==2.2.3  # SPDX: MIT
jinja2==3.1.4  # SPDX: BSD-3-Clause
markupsafe==3.0.2  # SPDX: BSD-3-Clause
regex==2024.11.6  # SPDX: Apache-2.0
tokenizers==0.20.3  # SPDX: Apache-2.0
transformers==4.46.3  # SPDX: Apache-2.0

# --- Voice stack (ADR 0002 / PR-VoiceSpike) ---
# Primary engine: F5-TTS. Code is MIT; default Emilia checkpoints are often
# CC-BY-NC-4.0 — counsel review before paid commercial TTS (K24).
# Do NOT install these multi-GB wheels in CI; stub clone uses stdlib only.
f5-tts==1.1.1  # SPDX: MIT (code); default Emilia weights often CC-BY-NC-4.0 — see ADR 0002
torch==2.5.1  # SPDX: BSD-3-Clause
torchaudio==2.5.1  # SPDX: BSD-3-Clause
scipy==1.14.1  # SPDX: BSD-3-Clause
soundfile==0.12.1  # SPDX: BSD-3-Clause
librosa==0.10.2  # SPDX: ISC
einops==0.8.0  # SPDX: MIT
# NOT PINNED (non-default, AGPL): TTS / coqui-ai-TTS / XTTS-v2 — see ADR 0002
